{
  "name": "mydemo",
  "version": "1.0.0",
  "lockfileVersion": 1,
  "requires": true,
  "dependencies": {
    "vant-weapp": {
      "version": "0.5.19",
      "resolved": "https://registry.npmjs.org/vant-weapp/-/vant-weapp-0.5.19.tgz",
      "integrity": "sha512-/ixRsmyPgghw7qFghC/uBih62SK/GJRWxhCvvbnRt/M9w7gCAGS73KPReaQ2vFSqmNqn50gqWb/IpSDP9pYxMQ=="
    },
    "weui-miniprogram": {
      "version": "0.1.8",
      "resolved": "https://registry.npmjs.org/weui-miniprogram/-/weui-miniprogram-0.1.8.tgz",
      "integrity": "sha512-VbWIheWuQfHIMpEOY9m0m9s4Yuc1NKnEsNP3CGQJlB31YLR7WBs5SW8rXSAbhg8kzJrqkCwQ9wZuAon/spUvIg=="
    }
  }
}
